// !$*UTF8*$!
{
	archiveVersion = 1;
	classes = {
	};
	objectVersion = 46;
	objects = {

/* Begin PBXBuildFile section */
		DEEE480E16AF59750019F37C /* UIKit.framework in Frameworks */ = {isa = PBXBuildFile; fileRef = DEEE480D16AF59750019F37C /* UIKit.framework */; };
		DEEE481016AF59750019F37C /* Foundation.framework in Frameworks */ = {isa = PBXBuildFile; fileRef = DEEE480F16AF59750019F37C /* Foundation.framework */; };
		DEEE481216AF59750019F37C /* CoreGraphics.framework in Frameworks */ = {isa = PBXBuildFile; fileRef = DEEE481116AF59750019F37C /* CoreGraphics.framework */; };
		DEEE481816AF59750019F37C /* InfoPlist.strings in Resources */ = {isa = PBXBuildFile; fileRef = DEEE481616AF59750019F37C /* InfoPlist.strings */; };
		DEEE481A16AF59750019F37C /* main.m in Sources */ = {isa = PBXBuildFile; fileRef = DEEE481916AF59750019F37C /* main.m */; };
		DEEE481E16AF59750019F37C /* DIYAppDelegate.m in Sources */ = {isa = PBXBuildFile; fileRef = DEEE481D16AF59750019F37C /* DIYAppDelegate.m */; };
		DEEE482016AF59750019F37C /* Default.png in Resources */ = {isa = PBXBuildFile; fileRef = DEEE481F16AF59750019F37C /* Default.png */; };
		DEEE482216AF59750019F37C /* Default@2x.png in Resources */ = {isa = PBXBuildFile; fileRef = DEEE482116AF59750019F37C /* Default@2x.png */; };
		DEEE482C16AF59770019F37C /* SenTestingKit.framework in Frameworks */ = {isa = PBXBuildFile; fileRef = DEEE482B16AF59760019F37C /* SenTestingKit.framework */; };
		DEEE482D16AF59770019F37C /* UIKit.framework in Frameworks */ = {isa = PBXBuildFile; fileRef = DEEE480D16AF59750019F37C /* UIKit.framework */; };
		DEEE482E16AF59770019F37C /* Foundation.framework in Frameworks */ = {isa = PBXBuildFile; fileRef = DEEE480F16AF59750019F37C /* Foundation.framework */; };
		DEEE483616AF59770019F37C /* InfoPlist.strings in Resources */ = {isa = PBXBuildFile; fileRef = DEEE483416AF59770019F37C /* InfoPlist.strings */; };
		DEEE483916AF59770019F37C /* DIYAVTests.m in Sources */ = {isa = PBXBuildFile; fileRef = DEEE483816AF59770019F37C /* DIYAVTests.m */; };
		DEEE484A16AF62130019F37C /* DIYAV.m in Sources */ = {isa = PBXBuildFile; fileRef = DEEE484916AF62130019F37C /* DIYAV.m */; };
		DEEE484D16AF71710019F37C /* DIYAVUtilities.m in Sources */ = {isa = PBXBuildFile; fileRef = DEEE484C16AF71710019F37C /* DIYAVUtilities.m */; };
		DEEE485016B065310019F37C /* DIYAVPreview.m in Sources */ = {isa = PBXBuildFile; fileRef = DEEE484F16B065310019F37C /* DIYAVPreview.m */; };
		DEEE485616B0A31A0019F37C /* AssetsLibrary.framework in Frameworks */ = {isa = PBXBuildFile; fileRef = DEEE485516B0A31A0019F37C /* AssetsLibrary.framework */; };
		DEEE485816B0A3210019F37C /* AVFoundation.framework in Frameworks */ = {isa = PBXBuildFile; fileRef = DEEE485716B0A3210019F37C /* AVFoundation.framework */; };
		DEEE485A16B0A3270019F37C /* CoreMedia.framework in Frameworks */ = {isa = PBXBuildFile; fileRef = DEEE485916B0A3270019F37C /* CoreMedia.framework */; };
		DEEE485C16B0A3370019F37C /* MobileCoreServices.framework in Frameworks */ = {isa = PBXBuildFile; fileRef = DEEE485B16B0A3370019F37C /* MobileCoreServices.framework */; };
/* End PBXBuildFile section */

/* Begin PBXContainerItemProxy section */
		DEEE482F16AF59770019F37C /* PBXContainerItemProxy */ = {
			isa = PBXContainerItemProxy;
			containerPortal = DEEE480016AF59750019F37C /* Project object */;
			proxyType = 1;
			remoteGlobalIDString = DEEE480816AF59750019F37C;
			remoteInfo = DIYAV;
		};
/* End PBXContainerItemProxy section */

/* Begin PBXFileReference section */
		DEEE480916AF59750019F37C /* DIYAV.app */ = {isa = PBXFileReference; explicitFileType = wrapper.application; includeInIndex = 0; path = DIYAV.app; sourceTree = BUILT_PRODUCTS_DIR; };
		DEEE480D16AF59750019F37C /* UIKit.framework */ = {isa = PBXFileReference; lastKnownFileType = wrapper.framework; name = UIKit.framework; path = System/Library/Frameworks/UIKit.framework; sourceTree = SDKROOT; };
		DEEE480F16AF59750019F37C /* Foundation.framework */ = {isa = PBXFileReference; lastKnownFileType = wrapper.framework; name = Foundation.framework; path = System/Library/Frameworks/Foundation.framework; sourceTree = SDKROOT; };
		DEEE481116AF59750019F37C /* CoreGraphics.framework */ = {isa = PBXFileReference; lastKnownFileType = wrapper.framework; name = CoreGraphics.framework; path = System/Library/Frameworks/CoreGraphics.framework; sourceTree = SDKROOT; };
		DEEE481516AF59750019F37C /* DIYAV-Info.plist */ = {isa = PBXFileReference; lastKnownFileType = text.plist.xml; path = "DIYAV-Info.plist"; sourceTree = "<group>"; };
		DEEE481716AF59750019F37C /* en */ = {isa = PBXFileReference; lastKnownFileType = text.plist.strings; name = en; path = en.lproj/InfoPlist.strings; sourceTree = "<group>"; };
		DEEE481916AF59750019F37C /* main.m */ = {isa = PBXFileReference; lastKnownFileType = sourcecode.c.objc; path = main.m; sourceTree = "<group>"; };
		DEEE481B16AF59750019F37C /* DIYAV-Prefix.pch */ = {isa = PBXFileReference; lastKnownFileType = sourcecode.c.h; path = "DIYAV-Prefix.pch"; sourceTree = "<group>"; };
		DEEE481C16AF59750019F37C /* DIYAppDelegate.h */ = {isa = PBXFileReference; lastKnownFileType = sourcecode.c.h; path = DIYAppDelegate.h; sourceTree = "<group>"; };
		DEEE481D16AF59750019F37C /* DIYAppDelegate.m */ = {isa = PBXFileReference; lastKnownFileType = sourcecode.c.objc; path = DIYAppDelegate.m; sourceTree = "<group>"; };
		DEEE481F16AF59750019F37C /* Default.png */ = {isa = PBXFileReference; lastKnownFileType = image.png; path = Default.png; sourceTree = "<group>"; };
		DEEE482116AF59750019F37C /* Default@2x.png */ = {isa = PBXFileReference; lastKnownFileType = image.png; path = "Default@2x.png"; sourceTree = "<group>"; };
		DEEE482316AF59750019F37C /* Default-568h@2x.png */ = {isa = PBXFileReference; lastKnownFileType = image.png; path = "Default-568h@2x.png"; sourceTree = "<group>"; };
		DEEE482A16AF59760019F37C /* DIYAVTests.octest */ = {isa = PBXFileReference; explicitFileType = wrapper.cfbundle; includeInIndex = 0; path = DIYAVTests.octest; sourceTree = BUILT_PRODUCTS_DIR; };
		DEEE482B16AF59760019F37C /* SenTestingKit.framework */ = {isa = PBXFileReference; lastKnownFileType = wrapper.framework; name = SenTestingKit.framework; path = Library/Frameworks/SenTestingKit.framework; sourceTree = DEVELOPER_DIR; };
		DEEE483316AF59770019F37C /* DIYAVTests-Info.plist */ = {isa = PBXFileReference; lastKnownFileType = text.plist.xml; path = "DIYAVTests-Info.plist"; sourceTree = "<group>"; };
		DEEE483516AF59770019F37C /* en */ = {isa = PBXFileReference; lastKnownFileType = text.plist.strings; name = en; path = en.lproj/InfoPlist.strings; sourceTree = "<group>"; };
		DEEE483716AF59770019F37C /* DIYAVTests.h */ = {isa = PBXFileReference; lastKnownFileType = sourcecode.c.h; path = DIYAVTests.h; sourceTree = "<group>"; };
		DEEE483816AF59770019F37C /* DIYAVTests.m */ = {isa = PBXFileReference; lastKnownFileType = sourcecode.c.objc; path = DIYAVTests.m; sourceTree = "<group>"; };
		DEEE484816AF62130019F37C /* DIYAV.h */ = {isa = PBXFileReference; fileEncoding = 4; lastKnownFileType = sourcecode.c.h; path = DIYAV.h; sourceTree = "<group>"; };
		DEEE484916AF62130019F37C /* DIYAV.m */ = {isa = PBXFileReference; fileEncoding = 4; lastKnownFileType = sourcecode.c.objc; lineEnding = 0; path = DIYAV.m; sourceTree = "<group>"; xcLanguageSpecificationIdentifier = xcode.lang.objc; };
		DEEE484B16AF71710019F37C /* DIYAVUtilities.h */ = {isa = PBXFileReference; fileEncoding = 4; lastKnownFileType = sourcecode.c.h; path = DIYAVUtilities.h; sourceTree = "<group>"; };
		DEEE484C16AF71710019F37C /* DIYAVUtilities.m */ = {isa = PBXFileReference; fileEncoding = 4; lastKnownFileType = sourcecode.c.objc; path = DIYAVUtilities.m; sourceTree = "<group>"; };
		DEEE484E16B065310019F37C /* DIYAVPreview.h */ = {isa = PBXFileReference; fileEncoding = 4; lastKnownFileType = sourcecode.c.h; path = DIYAVPreview.h; sourceTree = "<group>"; };
		DEEE484F16B065310019F37C /* DIYAVPreview.m */ = {isa = PBXFileReference; fileEncoding = 4; lastKnownFileType = sourcecode.c.objc; path = DIYAVPreview.m; sourceTree = "<group>"; };
		DEEE485116B07E560019F37C /* DIYAVDefaults.h */ = {isa = PBXFileReference; fileEncoding = 4; lastKnownFileType = sourcecode.c.h; path = DIYAVDefaults.h; sourceTree = "<group>"; };
		DEEE485516B0A31A0019F37C /* AssetsLibrary.framework */ = {isa = PBXFileReference; lastKnownFileType = wrapper.framework; name = AssetsLibrary.framework; path = System/Library/Frameworks/AssetsLibrary.framework; sourceTree = SDKROOT; };
		DEEE485716B0A3210019F37C /* AVFoundation.framework */ = {isa = PBXFileReference; lastKnownFileType = wrapper.framework; name = AVFoundation.framework; path = System/Library/Frameworks/AVFoundation.framework; sourceTree = SDKROOT; };
		DEEE485916B0A3270019F37C /* CoreMedia.framework */ = {isa = PBXFileReference; lastKnownFileType = wrapper.framework; name = CoreMedia.framework; path = System/Library/Frameworks/CoreMedia.framework; sourceTree = SDKROOT; };
		DEEE485B16B0A3370019F37C /* MobileCoreServices.framework */ = {isa = PBXFileReference; lastKnownFileType = wrapper.framework; name = MobileCoreServices.framework; path = System/Library/Frameworks/MobileCoreServices.framework; sourceTree = SDKROOT; };
/* End PBXFileReference section */

/* Begin PBXFrameworksBuildPhase section */
		DEEE480616AF59750019F37C /* Frameworks */ = {
			isa = PBXFrameworksBuildPhase;
			buildActionMask = 2147483647;
			files = (
				DEEE485C16B0A3370019F37C /* MobileCoreServices.framework in Frameworks */,
				DEEE485A16B0A3270019F37C /* CoreMedia.framework in Frameworks */,
				DEEE485816B0A3210019F37C /* AVFoundation.framework in Frameworks */,
				DEEE485616B0A31A0019F37C /* AssetsLibrary.framework in Frameworks */,
				DEEE480E16AF59750019F37C /* UIKit.framework in Frameworks */,
				DEEE481016AF59750019F37C /* Foundation.framework in Frameworks */,
				DEEE481216AF59750019F37C /* CoreGraphics.framework in Frameworks */,
			);
			runOnlyForDeploymentPostprocessing = 0;
		};
		DEEE482616AF59760019F37C /* Frameworks */ = {
			isa = PBXFrameworksBuildPhase;
			buildActionMask = 2147483647;
			files = (
				DEEE482C16AF59770019F37C /* SenTestingKit.framework in Frameworks */,
				DEEE482D16AF59770019F37C /* UIKit.framework in Frameworks */,
				DEEE482E16AF59770019F37C /* Foundation.framework in Frameworks */,
			);
			runOnlyForDeploymentPostprocessing = 0;
		};
/* End PBXFrameworksBuildPhase section */

/* Begin PBXGroup section */
		DEEE47FE16AF59750019F37C = {
			isa = PBXGroup;
			children = (
				DEEE484716AF611C0019F37C /* DIYAV */,
				DEEE481316AF59750019F37C /* Example */,
				DEEE483116AF59770019F37C /* DIYAVTests */,
				DEEE480C16AF59750019F37C /* Frameworks */,
				DEEE480A16AF59750019F37C /* Products */,
			);
			sourceTree = "<group>";
		};
		DEEE480A16AF59750019F37C /* Products */ = {
			isa = PBXGroup;
			children = (
				DEEE480916AF59750019F37C /* DIYAV.app */,
				DEEE482A16AF59760019F37C /* DIYAVTests.octest */,
			);
			name = Products;
			sourceTree = "<group>";
		};
		DEEE480C16AF59750019F37C /* Frameworks */ = {
			isa = PBXGroup;
			children = (
				DEEE485516B0A31A0019F37C /* AssetsLibrary.framework */,
				DEEE485716B0A3210019F37C /* AVFoundation.framework */,
				DEEE481116AF59750019F37C /* CoreGraphics.framework */,
				DEEE485916B0A3270019F37C /* CoreMedia.framework */,
				DEEE480F16AF59750019F37C /* Foundation.framework */,
				DEEE485B16B0A3370019F37C /* MobileCoreServices.framework */,
				DEEE482B16AF59760019F37C /* SenTestingKit.framework */,
				DEEE480D16AF59750019F37C /* UIKit.framework */,
			);
			name = Frameworks;
			sourceTree = "<group>";
		};
		DEEE481316AF59750019F37C /* Example */ = {
			isa = PBXGroup;
			children = (
				DEEE481C16AF59750019F37C /* DIYAppDelegate.h */,
				DEEE481D16AF59750019F37C /* DIYAppDelegate.m */,
				DEEE481416AF59750019F37C /* Supporting Files */,
			);
			name = Example;
			path = DIYAV;
			sourceTree = "<group>";
		};
		DEEE481416AF59750019F37C /* Supporting Files */ = {
			isa = PBXGroup;
			children = (
				DEEE481516AF59750019F37C /* DIYAV-Info.plist */,
				DEEE481616AF59750019F37C /* InfoPlist.strings */,
				DEEE481916AF59750019F37C /* main.m */,
				DEEE481B16AF59750019F37C /* DIYAV-Prefix.pch */,
				DEEE481F16AF59750019F37C /* Default.png */,
				DEEE482116AF59750019F37C /* Default@2x.png */,
				DEEE482316AF59750019F37C /* Default-568h@2x.png */,
			);
			name = "Supporting Files";
			sourceTree = "<group>";
		};
		DEEE483116AF59770019F37C /* DIYAVTests */ = {
			isa = PBXGroup;
			children = (
				DEEE483716AF59770019F37C /* DIYAVTests.h */,
				DEEE483816AF59770019F37C /* DIYAVTests.m */,
				DEEE483216AF59770019F37C /* Supporting Files */,
			);
			path = DIYAVTests;
			sourceTree = "<group>";
		};
		DEEE483216AF59770019F37C /* Supporting Files */ = {
			isa = PBXGroup;
			children = (
				DEEE483316AF59770019F37C /* DIYAVTests-Info.plist */,
				DEEE483416AF59770019F37C /* InfoPlist.strings */,
			);
			name = "Supporting Files";
			sourceTree = "<group>";
		};
		DEEE484716AF611C0019F37C /* DIYAV */ = {
			isa = PBXGroup;
			children = (
				DEEE484816AF62130019F37C /* DIYAV.h */,
				DEEE484916AF62130019F37C /* DIYAV.m */,
				DEEE485116B07E560019F37C /* DIYAVDefaults.h */,
				DEEE484E16B065310019F37C /* DIYAVPreview.h */,
				DEEE484F16B065310019F37C /* DIYAVPreview.m */,
				DEEE484B16AF71710019F37C /* DIYAVUtilities.h */,
				DEEE484C16AF71710019F37C /* DIYAVUtilities.m */,
			);
			name = DIYAV;
			path = ../DIYAV;
			sourceTree = "<group>";
		};
/* End PBXGroup section */

/* Begin PBXNativeTarget section */
		DEEE480816AF59750019F37C /* DIYAV */ = {
			isa = PBXNativeTarget;
			buildConfigurationList = DEEE483C16AF59770019F37C /* Build configuration list for PBXNativeTarget "DIYAV" */;
			buildPhases = (
				DEEE480516AF59750019F37C /* Sources */,
				DEEE480616AF59750019F37C /* Frameworks */,
				DEEE480716AF59750019F37C /* Resources */,
			);
			buildRules = (
			);
			dependencies = (
			);
			name = DIYAV;
			productName = DIYAV;
			productReference = DEEE480916AF59750019F37C /* DIYAV.app */;
			productType = "com.apple.product-type.application";
		};
		DEEE482916AF59760019F37C /* DIYAVTests */ = {
			isa = PBXNativeTarget;
			buildConfigurationList = DEEE483F16AF59770019F37C /* Build configuration list for PBXNativeTarget "DIYAVTests" */;
			buildPhases = (
				DEEE482516AF59760019F37C /* Sources */,
				DEEE482616AF59760019F37C /* Frameworks */,
				DEEE482716AF59760019F37C /* Resources */,
				DEEE482816AF59760019F37C /* ShellScript */,
			);
			buildRules = (
			);
			dependencies = (
				DEEE483016AF59770019F37C /* PBXTargetDependency */,
			);
			name = DIYAVTests;
			productName = DIYAVTests;
			productReference = DEEE482A16AF59760019F37C /* DIYAVTests.octest */;
			productType = "com.apple.product-type.bundle";
		};
/* End PBXNativeTarget section */

/* Begin PBXProject section */
		DEEE480016AF59750019F37C /* Project object */ = {
			isa = PBXProject;
			attributes = {
				CLASSPREFIX = DIY;
				LastUpgradeCheck = 0450;
				ORGANIZATIONNAME = DIY;
			};
			buildConfigurationList = DEEE480316AF59750019F37C /* Build configuration list for PBXProject "DIYAV" */;
			compatibilityVersion = "Xcode 3.2";
			developmentRegion = English;
			hasScannedForEncodings = 0;
			knownRegions = (
				en,
			);
			mainGroup = DEEE47FE16AF59750019F37C;
			productRefGroup = DEEE480A16AF59750019F37C /* Products */;
			projectDirPath = "";
			projectRoot = "";
			targets = (
				DEEE480816AF59750019F37C /* DIYAV */,
				DEEE482916AF59760019F37C /* DIYAVTests */,
			);
		};
/* End PBXProject section */

/* Begin PBXResourcesBuildPhase section */
		DEEE480716AF59750019F37C /* Resources */ = {
			isa = PBXResourcesBuildPhase;
			buildActionMask = 2147483647;
			files = (
				DEEE481816AF59750019F37C /* InfoPlist.strings in Resources */,
				DEEE482016AF59750019F37C /* Default.png in Resources */,
				DEEE482216AF59750019F37C /* Default@2x.png in Resources */,
			);
			runOnlyForDeploymentPostprocessing = 0;
		};
		DEEE482716AF59760019F37C /* Resources */ = {
			isa = PBXResourcesBuildPhase;
			buildActionMask = 2147483647;
			files = (
				DEEE483616AF59770019F37C /* InfoPlist.strings in Resources */,
			);
			runOnlyForDeploymentPostprocessing = 0;
		};
/* End PBXResourcesBuildPhase section */

/* Begin PBXShellScriptBuildPhase section */
		DEEE482816AF59760019F37C /* ShellScript */ = {
			isa = PBXShellScriptBuildPhase;
			buildActionMask = 2147483647;
			files = (
			);
			inputPaths = (
			);
			outputPaths = (
			);
			runOnlyForDeploymentPostprocessing = 0;
			shellPath = /bin/sh;
			shellScript = "# Run the unit tests in this test bundle.\n\"${SYSTEM_DEVELOPER_DIR}/Tools/RunUnitTests\"\n";
		};
/* End PBXShellScriptBuildPhase section */

/* Begin PBXSourcesBuildPhase section */
		DEEE480516AF59750019F37C /* Sources */ = {
			isa = PBXSourcesBuildPhase;
			buildActionMask = 2147483647;
			files = (
				DEEE481A16AF59750019F37C /* main.m in Sources */,
				DEEE481E16AF59750019F37C /* DIYAppDelegate.m in Sources */,
				DEEE484A16AF62130019F37C /* DIYAV.m in Sources */,
				DEEE484D16AF71710019F37C /* DIYAVUtilities.m in Sources */,
				DEEE485016B065310019F37C /* DIYAVPreview.m in Sources */,
			);
			runOnlyForDeploymentPostprocessing = 0;
		};
		DEEE482516AF59760019F37C /* Sources */ = {
			isa = PBXSourcesBuildPhase;
			buildActionMask = 2147483647;
			files = (
				DEEE483916AF59770019F37C /* DIYAVTests.m in Sources */,
			);
			runOnlyForDeploymentPostprocessing = 0;
		};
/* End PBXSourcesBuildPhase section */

/* Begin PBXTargetDependency section */
		DEEE483016AF59770019F37C /* PBXTargetDependency */ = {
			isa = PBXTargetDependency;
			target = DEEE480816AF59750019F37C /* DIYAV */;
			targetProxy = DEEE482F16AF59770019F37C /* PBXContainerItemProxy */;
		};
/* End PBXTargetDependency section */

/* Begin PBXVariantGroup section */
		DEEE481616AF59750019F37C /* InfoPlist.strings */ = {
			isa = PBXVariantGroup;
			children = (
				DEEE481716AF59750019F37C /* en */,
			);
			name = InfoPlist.strings;
			sourceTree = "<group>";
		};
		DEEE483416AF59770019F37C /* InfoPlist.strings */ = {
			isa = PBXVariantGroup;
			children = (
				DEEE483516AF59770019F37C /* en */,
			);
			name = InfoPlist.strings;
			sourceTree = "<group>";
		};
/* End PBXVariantGroup section */

/* Begin XCBuildConfiguration section */
		DEEE483A16AF59770019F37C /* Debug */ = {
			isa = XCBuildConfiguration;
			buildSettings = {
				ALWAYS_SEARCH_USER_PATHS = NO;
				CLANG_CXX_LANGUAGE_STANDARD = "gnu++0x";
				CLANG_CXX_LIBRARY = "libc++";
				CLANG_ENABLE_OBJC_ARC = YES;
				CLANG_WARN_EMPTY_BODY = YES;
				CLANG_WARN__DUPLICATE_METHOD_MATCH = YES;
				"CODE_SIGN_IDENTITY[sdk=iphoneos*]" = "iPhone Developer";
				COPY_PHASE_STRIP = NO;
				GCC_C_LANGUAGE_STANDARD = gnu99;
				GCC_DYNAMIC_NO_PIC = NO;
				GCC_OPTIMIZATION_LEVEL = 0;
				GCC_PREPROCESSOR_DEFINITIONS = (
					"DEBUG=1",
					"$(inherited)",
				);
				GCC_SYMBOLS_PRIVATE_EXTERN = NO;
				GCC_WARN_ABOUT_RETURN_TYPE = YES;
				GCC_WARN_UNINITIALIZED_AUTOS = YES;
				GCC_WARN_UNUSED_VARIABLE = YES;
				IPHONEOS_DEPLOYMENT_TARGET = 6.0;
				ONLY_ACTIVE_ARCH = YES;
				SDKROOT = iphoneos;
			};
			name = Debug;
		};
		DEEE483B16AF59770019F37C /* Release */ = {
			isa = XCBuildConfiguration;
			buildSettings = {
				ALWAYS_SEARCH_USER_PATHS = NO;
				CLANG_CXX_LANGUAGE_STANDARD = "gnu++0x";
				CLANG_CXX_LIBRARY = "libc++";
				CLANG_ENABLE_OBJC_ARC = YES;
				CLANG_WARN_EMPTY_BODY = YES;
				CLANG_WARN__DUPLICATE_METHOD_MATCH = YES;
				"CODE_SIGN_IDENTITY[sdk=iphoneos*]" = "iPhone Developer";
				COPY_PHASE_STRIP = YES;
				GCC_C_LANGUAGE_STANDARD = gnu99;
				GCC_WARN_ABOUT_RETURN_TYPE = YES;
				GCC_WARN_UNINITIALIZED_AUTOS = YES;
				GCC_WARN_UNUSED_VARIABLE = YES;
				IPHONEOS_DEPLOYMENT_TARGET = 6.0;
				OTHER_CFLAGS = "-DNS_BLOCK_ASSERTIONS=1";
				SDKROOT = iphoneos;
				VALIDATE_PRODUCT = YES;
			};
			name = Release;
		};
		DEEE483D16AF59770019F37C /* Debug */ = {
			isa = XCBuildConfiguration;
			buildSettings = {
				GCC_PRECOMPILE_PREFIX_HEADER = YES;
				GCC_PREFIX_HEADER = "DIYAV/DIYAV-Prefix.pch";
				INFOPLIST_FILE = "DIYAV/DIYAV-Info.plist";
				PRODUCT_NAME = "$(TARGET_NAME)";
				WRAPPER_EXTENSION = app;
			};
			name = Debug;
		};
		DEEE483E16AF59770019F37C /* Release */ = {
			isa = XCBuildConfiguration;
			buildSettings = {
				GCC_PRECOMPILE_PREFIX_HEADER = YES;
				GCC_PREFIX_HEADER = "DIYAV/DIYAV-Prefix.pch";
				INFOPLIST_FILE = "DIYAV/DIYAV-Info.plist";
				PRODUCT_NAME = "$(TARGET_NAME)";
				WRAPPER_EXTENSION = app;
			};
			name = Release;
		};
		DEEE484016AF59770019F37C /* Debug */ = {
			isa = XCBuildConfiguration;
			buildSettings = {
				BUNDLE_LOADER = "$(BUILT_PRODUCTS_DIR)/DIYAV.app/DIYAV";
				FRAMEWORK_SEARCH_PATHS = (
					"\"$(SDKROOT)/Developer/Library/Frameworks\"",
					"\"$(DEVELOPER_LIBRARY_DIR)/Frameworks\"",
				);
				GCC_PRECOMPILE_PREFIX_HEADER = YES;
				GCC_PREFIX_HEADER = "DIYAV/DIYAV-Prefix.pch";
				INFOPLIST_FILE = "DIYAVTests/DIYAVTests-Info.plist";
				PRODUCT_NAME = "$(TARGET_NAME)";
				TEST_HOST = "$(BUNDLE_LOADER)";
				WRAPPER_EXTENSION = octest;
			};
			name = Debug;
		};
		DEEE484116AF59770019F37C /* Release */ = {
			isa = XCBuildConfiguration;
			buildSettings = {
				BUNDLE_LOADER = "$(BUILT_PRODUCTS_DIR)/DIYAV.app/DIYAV";
				FRAMEWORK_SEARCH_PATHS = (
					"\"$(SDKROOT)/Developer/Library/Frameworks\"",
					"\"$(DEVELOPER_LIBRARY_DIR)/Frameworks\"",
				);
				GCC_PRECOMPILE_PREFIX_HEADER = YES;
				GCC_PREFIX_HEADER = "DIYAV/DIYAV-Prefix.pch";
				INFOPLIST_FILE = "DIYAVTests/DIYAVTests-Info.plist";
				PRODUCT_NAME = "$(TARGET_NAME)";
				TEST_HOST = "$(BUNDLE_LOADER)";
				WRAPPER_EXTENSION = octest;
			};
			name = Release;
		};
/* End XCBuildConfiguration section */

/* Begin XCConfigurationList section */
		DEEE480316AF59750019F37C /* Build configuration list for PBXProject "DIYAV" */ = {
			isa = XCConfigurationList;
			buildConfigurations = (
				DEEE483A16AF59770019F37C /* Debug */,
				DEEE483B16AF59770019F37C /* Release */,
			);
			defaultConfigurationIsVisible = 0;
			defaultConfigurationName = Release;
		};
		DEEE483C16AF59770019F37C /* Build configuration list for PBXNativeTarget "DIYAV" */ = {
			isa = XCConfigurationList;
			buildConfigurations = (
				DEEE483D16AF59770019F37C /* Debug */,
				DEEE483E16AF59770019F37C /* Release */,
			);
			defaultConfigurationIsVisible = 0;
			defaultConfigurationName = Release;
		};
		DEEE483F16AF59770019F37C /* Build configuration list for PBXNativeTarget "DIYAVTests" */ = {
			isa = XCConfigurationList;
			buildConfigurations = (
				DEEE484016AF59770019F37C /* Debug */,
				DEEE484116AF59770019F37C /* Release */,
			);
			defaultConfigurationIsVisible = 0;
			defaultConfigurationName = Release;
		};
/* End XCConfigurationList section */
	};
	rootObject = DEEE480016AF59750019F37C /* Project object */;
}
